
Microsoft Visual Studio Solution File, Format Version 12.00
# Visual Studio 2013
VisualStudioVersion = 12.0.31101.0
MinimumVisualStudioVersion = 10.0.40219.1
Project("{FAE04EC0-301F-11D3-BF4B-00C04F79EFBC}") = "XKCDDownloader", "XKCDDownloader\XKCDDownloader.csproj", "{71F583A0-539E-4AAB-98EB-5AC6024BBAFE}"
EndProject
Global
	GlobalSection(SolutionConfigurationPlatforms) = preSolution
		Debug|Any CPU = Debug|Any CPU
		Release|Any CPU = Release|Any CPU
	EndGlobalSection
	GlobalSection(ProjectConfigurationPlatforms) = postSolution
		{71F583A0-539E-4AAB-98EB-5AC6024BBAFE}.Debug|Any CPU.ActiveCfg = Debug|Any CPU
		{71F583A0-539E-4AAB-98EB-5AC6024BBAFE}.Debug|Any CPU.Build.0 = Debug|Any CPU
		{71F583A0-539E-4AAB-98EB-5AC6024BBAFE}.Release|Any CPU.ActiveCfg = Release|Any CPU
		{71F583A0-539E-4AAB-98EB-5AC6024BBAFE}.Release|Any CPU.Build.0 = Release|Any CPU
	EndGlobalSection
	GlobalSection(SolutionProperties) = preSolution
		HideSolutionNode = FALSE
	EndGlobalSection
EndGlobal
